
Microsoft Visual Studio Solution File, Format Version 12.00
# Visual Studio Version 17
VisualStudioVersion = 17.10.35027.167
MinimumVisualStudioVersion = 10.0.40219.1
Project("{FAE04EC0-301F-11D3-BF4B-00C04F79EFBC}") = "School.Api", "School.Api\School.Api.csproj", "{B1752FC4-CF89-42F1-BD40-66ECBCE60B71}"
EndProject
Project("{FAE04EC0-301F-11D3-BF4B-00C04F79EFBC}") = "School.Data", "School.Data\School.Data.csproj", "{DD2EC3A3-67B5-477B-8717-D8643B4B2DA2}"
EndProject
Project("{FAE04EC0-301F-11D3-BF4B-00C04F79EFBC}") = "School.Core", "School.Core\School.Core.csproj", "{74291058-90F5-443F-BDED-B048DDDD9911}"
EndProject
Project("{FAE04EC0-301F-11D3-BF4B-00C04F79EFBC}") = "School.Service", "School.Service\School.Service.csproj", "{F0E12826-F8D3-4590-898C-12F59FA03A50}"
EndProject
Project("{FAE04EC0-301F-11D3-BF4B-00C04F79EFBC}") = "School.Infrastructure", "School.Infrastructure\School.Infrastructure.csproj", "{C5F6E98C-E115-4969-AE0B-6C5616B488AE}"
EndProject
Project("{FAE04EC0-301F-11D3-BF4B-00C04F79EFBC}") = "School.Handlers", "School.Handlers\School.Handlers.csproj", "{EFA17CD0-8EB0-4020-8DF6-AD2FE45BFD9E}"
EndProject
Global
	GlobalSection(SolutionConfigurationPlatforms) = preSolution
		Debug|Any CPU = Debug|Any CPU
		Release|Any CPU = Release|Any CPU
	EndGlobalSection
	GlobalSection(ProjectConfigurationPlatforms) = postSolution
		{B1752FC4-CF89-42F1-BD40-66ECBCE60B71}.Debug|Any CPU.ActiveCfg = Debug|Any CPU
		{B1752FC4-CF89-42F1-BD40-66ECBCE60B71}.Debug|Any CPU.Build.0 = Debug|Any CPU
		{B1752FC4-CF89-42F1-BD40-66ECBCE60B71}.Release|Any CPU.ActiveCfg = Release|Any CPU
		{B1752FC4-CF89-42F1-BD40-66ECBCE60B71}.Release|Any CPU.Build.0 = Release|Any CPU
		{DD2EC3A3-67B5-477B-8717-D8643B4B2DA2}.Debug|Any CPU.ActiveCfg = Debug|Any CPU
		{DD2EC3A3-67B5-477B-8717-D8643B4B2DA2}.Debug|Any CPU.Build.0 = Debug|Any CPU
		{DD2EC3A3-67B5-477B-8717-D8643B4B2DA2}.Release|Any CPU.ActiveCfg = Release|Any CPU
		{DD2EC3A3-67B5-477B-8717-D8643B4B2DA2}.Release|Any CPU.Build.0 = Release|Any CPU
		{74291058-90F5-443F-BDED-B048DDDD9911}.Debug|Any CPU.ActiveCfg = Debug|Any CPU
		{74291058-90F5-443F-BDED-B048DDDD9911}.Debug|Any CPU.Build.0 = Debug|Any CPU
		{74291058-90F5-443F-BDED-B048DDDD9911}.Release|Any CPU.ActiveCfg = Release|Any CPU
		{74291058-90F5-443F-BDED-B048DDDD9911}.Release|Any CPU.Build.0 = Release|Any CPU
		{F0E12826-F8D3-4590-898C-12F59FA03A50}.Debug|Any CPU.ActiveCfg = Debug|Any CPU
		{F0E12826-F8D3-4590-898C-12F59FA03A50}.Debug|Any CPU.Build.0 = Debug|Any CPU
		{F0E12826-F8D3-4590-898C-12F59FA03A50}.Release|Any CPU.ActiveCfg = Release|Any CPU
		{F0E12826-F8D3-4590-898C-12F59FA03A50}.Release|Any CPU.Build.0 = Release|Any CPU
		{C5F6E98C-E115-4969-AE0B-6C5616B488AE}.Debug|Any CPU.ActiveCfg = Debug|Any CPU
		{C5F6E98C-E115-4969-AE0B-6C5616B488AE}.Debug|Any CPU.Build.0 = Debug|Any CPU
		{C5F6E98C-E115-4969-AE0B-6C5616B488AE}.Release|Any CPU.ActiveCfg = Release|Any CPU
		{C5F6E98C-E115-4969-AE0B-6C5616B488AE}.Release|Any CPU.Build.0 = Release|Any CPU
		{EFA17CD0-8EB0-4020-8DF6-AD2FE45BFD9E}.Debug|Any CPU.ActiveCfg = Debug|Any CPU
		{EFA17CD0-8EB0-4020-8DF6-AD2FE45BFD9E}.Debug|Any CPU.Build.0 = Debug|Any CPU
		{EFA17CD0-8EB0-4020-8DF6-AD2FE45BFD9E}.Release|Any CPU.ActiveCfg = Release|Any CPU
		{EFA17CD0-8EB0-4020-8DF6-AD2FE45BFD9E}.Release|Any CPU.Build.0 = Release|Any CPU
	EndGlobalSection
	GlobalSection(SolutionProperties) = preSolution
		HideSolutionNode = FALSE
	EndGlobalSection
	GlobalSection(ExtensibilityGlobals) = postSolution
		SolutionGuid = {EE90658A-BDA0-44DC-B3B3-91EBB3F98882}
	EndGlobalSection
EndGlobal
